
Microsoft Visual Studio Solution File, Format Version 12.00
# Visual Studio Version 16
VisualStudioVersion = 16.0.31613.86
MinimumVisualStudioVersion = 10.0.40219.1
Project("{FAE04EC0-301F-11D3-BF4B-00C04F79EFBC}") = "Demo.WebAPI", "Demo.WebAPI\Demo.WebAPI.csproj", "{164B2712-84DF-43FD-B5D4-92218C5FE761}"
EndProject
Project("{FAE04EC0-301F-11D3-BF4B-00C04F79EFBC}") = "Demo.Lib", "Demo.Lib\Demo.Lib.csproj", "{89453BF3-24F9-40F7-9583-AAA40A184E4E}"
EndProject
Global
	GlobalSection(SolutionConfigurationPlatforms) = preSolution
		Debug|Any CPU = Debug|Any CPU
		Release|Any CPU = Release|Any CPU
	EndGlobalSection
	GlobalSection(ProjectConfigurationPlatforms) = postSolution
		{164B2712-84DF-43FD-B5D4-92218C5FE761}.Debug|Any CPU.ActiveCfg = Debug|Any CPU
		{164B2712-84DF-43FD-B5D4-92218C5FE761}.Debug|Any CPU.Build.0 = Debug|Any CPU
		{164B2712-84DF-43FD-B5D4-92218C5FE761}.Release|Any CPU.ActiveCfg = Release|Any CPU
		{164B2712-84DF-43FD-B5D4-92218C5FE761}.Release|Any CPU.Build.0 = Release|Any CPU
		{89453BF3-24F9-40F7-9583-AAA40A184E4E}.Debug|Any CPU.ActiveCfg = Debug|Any CPU
		{89453BF3-24F9-40F7-9583-AAA40A184E4E}.Debug|Any CPU.Build.0 = Debug|Any CPU
		{89453BF3-24F9-40F7-9583-AAA40A184E4E}.Release|Any CPU.ActiveCfg = Release|Any CPU
		{89453BF3-24F9-40F7-9583-AAA40A184E4E}.Release|Any CPU.Build.0 = Release|Any CPU
	EndGlobalSection
	GlobalSection(SolutionProperties) = preSolution
		HideSolutionNode = FALSE
	EndGlobalSection
	GlobalSection(ExtensibilityGlobals) = postSolution
		SolutionGuid = {2C1B5E8B-EEF4-4B84-8DA8-D995EEB45560}
	EndGlobalSection
EndGlobal
